
Microsoft Visual Studio Solution File, Format Version 12.00
# Visual Studio Version 16
VisualStudioVersion = 16.0.29025.244
MinimumVisualStudioVersion = 10.0.40219.1
Project("{9A19103F-16F7-4668-BE54-9A1E7A4F7556}") = "Burning.Emu", "Burning.Emu\Burning.Emu.csproj", "{9A5D6BA6-7FB8-4E53-BE0E-93565FEE691D}"
EndProject
Project("{9A19103F-16F7-4668-BE54-9A1E7A4F7556}") = "Burning.Common", "Burning.Common\Burning.Common.csproj", "{77693FE5-755B-47E5-BF61-ACC439F16941}"
EndProject
Project("{9A19103F-16F7-4668-BE54-9A1E7A4F7556}") = "Burning.Emu.World", "Burning.Emu.World\Burning.Emu.World.csproj", "{7F04AD01-EB16-4341-880E-D32963BB3254}"
EndProject
Project("{FAE04EC0-301F-11D3-BF4B-00C04F79EFBC}") = "D2oTool", "D2oTool\D2oTool.csproj", "{65C8BEFA-3667-4505-BA66-9AFD83F4FA1E}"
EndProject
Project("{FAE04EC0-301F-11D3-BF4B-00C04F79EFBC}") = "Burning.DofusProtocol", "Burning.DofusProtocol\Burning.DofusProtocol.csproj", "{96EFA0DC-6A50-4966-B429-CDC1F155BEB0}"
EndProject
Global
	GlobalSection(SolutionConfigurationPlatforms) = preSolution
		Debug|Any CPU = Debug|Any CPU
		Release|Any CPU = Release|Any CPU
	EndGlobalSection
	GlobalSection(ProjectConfigurationPlatforms) = postSolution
		{9A5D6BA6-7FB8-4E53-BE0E-93565FEE691D}.Debug|Any CPU.ActiveCfg = Debug|Any CPU
		{9A5D6BA6-7FB8-4E53-BE0E-93565FEE691D}.Debug|Any CPU.Build.0 = Debug|Any CPU
		{9A5D6BA6-7FB8-4E53-BE0E-93565FEE691D}.Release|Any CPU.ActiveCfg = Release|Any CPU
		{9A5D6BA6-7FB8-4E53-BE0E-93565FEE691D}.Release|Any CPU.Build.0 = Release|Any CPU
		{77693FE5-755B-47E5-BF61-ACC439F16941}.Debug|Any CPU.ActiveCfg = Debug|Any CPU
		{77693FE5-755B-47E5-BF61-ACC439F16941}.Debug|Any CPU.Build.0 = Debug|Any CPU
		{77693FE5-755B-47E5-BF61-ACC439F16941}.Release|Any CPU.ActiveCfg = Release|Any CPU
		{77693FE5-755B-47E5-BF61-ACC439F16941}.Release|Any CPU.Build.0 = Release|Any CPU
		{7F04AD01-EB16-4341-880E-D32963BB3254}.Debug|Any CPU.ActiveCfg = Debug|Any CPU
		{7F04AD01-EB16-4341-880E-D32963BB3254}.Debug|Any CPU.Build.0 = Debug|Any CPU
		{7F04AD01-EB16-4341-880E-D32963BB3254}.Release|Any CPU.ActiveCfg = Release|Any CPU
		{7F04AD01-EB16-4341-880E-D32963BB3254}.Release|Any CPU.Build.0 = Release|Any CPU
		{65C8BEFA-3667-4505-BA66-9AFD83F4FA1E}.Debug|Any CPU.ActiveCfg = Debug|Any CPU
		{65C8BEFA-3667-4505-BA66-9AFD83F4FA1E}.Debug|Any CPU.Build.0 = Debug|Any CPU
		{65C8BEFA-3667-4505-BA66-9AFD83F4FA1E}.Release|Any CPU.ActiveCfg = Release|Any CPU
		{65C8BEFA-3667-4505-BA66-9AFD83F4FA1E}.Release|Any CPU.Build.0 = Release|Any CPU
		{96EFA0DC-6A50-4966-B429-CDC1F155BEB0}.Debug|Any CPU.ActiveCfg = Debug|Any CPU
		{96EFA0DC-6A50-4966-B429-CDC1F155BEB0}.Debug|Any CPU.Build.0 = Debug|Any CPU
		{96EFA0DC-6A50-4966-B429-CDC1F155BEB0}.Release|Any CPU.ActiveCfg = Release|Any CPU
		{96EFA0DC-6A50-4966-B429-CDC1F155BEB0}.Release|Any CPU.Build.0 = Release|Any CPU
	EndGlobalSection
	GlobalSection(SolutionProperties) = preSolution
		HideSolutionNode = FALSE
	EndGlobalSection
	GlobalSection(ExtensibilityGlobals) = postSolution
		SolutionGuid = {9054C0BE-07B8-4566-904E-7009DB249454}
	EndGlobalSection
EndGlobal
